// !$*UTF8*$!
{
	archiveVersion = 1;
	classes = {
	};
	objectVersion = 50;
	objects = {

/* Begin PBXBuildFile section */
		9F726196238B02EF00C7C761 /* AppDelegate.swift in Sources */ = {isa = PBXBuildFile; fileRef = 9F726195238B02EF00C7C761 /* AppDelegate.swift */; };
		9F726198238B02EF00C7C761 /* SceneDelegate.swift in Sources */ = {isa = PBXBuildFile; fileRef = 9F726197238B02EF00C7C761 /* SceneDelegate.swift */; };
		9F72619A238B02EF00C7C761 /* ContentView.swift in Sources */ = {isa = PBXBuildFile; fileRef = 9F726199238B02EF00C7C761 /* ContentView.swift */; };
		9F72619C238B02F000C7C761 /* Assets.xcassets in Resources */ = {isa = PBXBuildFile; fileRef = 9F72619B238B02F000C7C761 /* Assets.xcassets */; };
		9F72619F238B02F000C7C761 /* Preview Assets.xcassets in Resources */ = {isa = PBXBuildFile; fileRef = 9F72619E238B02F000C7C761 /* Preview Assets.xcassets */; };
		9F7261A2238B02F000C7C761 /* LaunchScreen.storyboard in Resources */ = {isa = PBXBuildFile; fileRef = 9F7261A0238B02F000C7C761 /* LaunchScreen.storyboard */; };
/* End PBXBuildFile section */

/* Begin PBXFileReference section */
		9F726192238B02EF00C7C761 /* NetworkingSwiftUI.app */ = {isa = PBXFileReference; explicitFileType = wrapper.application; includeInIndex = 0; path = NetworkingSwiftUI.app; sourceTree = BUILT_PRODUCTS_DIR; };
		9F726195238B02EF00C7C761 /* AppDelegate.swift */ = {isa = PBXFileReference; lastKnownFileType = sourcecode.swift; path = AppDelegate.swift; sourceTree = "<group>"; };
		9F726197238B02EF00C7C761 /* SceneDelegate.swift */ = {isa = PBXFileReference; lastKnownFileType = sourcecode.swift; path = SceneDelegate.swift; sourceTree = "<group>"; };
		9F726199238B02EF00C7C761 /* ContentView.swift */ = {isa = PBXFileReference; lastKnownFileType = sourcecode.swift; path = ContentView.swift; sourceTree = "<group>"; };
		9F72619B238B02F000C7C761 /* Assets.xcassets */ = {isa = PBXFileReference; lastKnownFileType = folder.assetcatalog; path = Assets.xcassets; sourceTree = "<group>"; };
		9F72619E238B02F000C7C761 /* Preview Assets.xcassets */ = {isa = PBXFileReference; lastKnownFileType = folder.assetcatalog; path = "Preview Assets.xcassets"; sourceTree = "<group>"; };
		9F7261A1238B02F000C7C761 /* Base */ = {isa = PBXFileReference; lastKnownFileType = file.storyboard; name = Base; path = Base.lproj/LaunchScreen.storyboard; sourceTree = "<group>"; };
		9F7261A3238B02F000C7C761 /* Info.plist */ = {isa = PBXFileReference; lastKnownFileType = text.plist.xml; path = Info.plist; sourceTree = "<group>"; };
/* End PBXFileReference section */

/* Begin PBXFrameworksBuildPhase section */
		9F72618F238B02EF00C7C761 /* Frameworks */ = {
			isa = PBXFrameworksBuildPhase;
			buildActionMask = 2147483647;
			files = (
			);
			runOnlyForDeploymentPostprocessing = 0;
		};
/* End PBXFrameworksBuildPhase section */

/* Begin PBXGroup section */
		9F726189238B02EF00C7C761 = {
			isa = PBXGroup;
			children = (
				9F726194238B02EF00C7C761 /* NetworkingSwiftUI */,
				9F726193238B02EF00C7C761 /* Products */,
			);
			sourceTree = "<group>";
		};
		9F726193238B02EF00C7C761 /* Products */ = {
			isa = PBXGroup;
			children = (
				9F726192238B02EF00C7C761 /* NetworkingSwiftUI.app */,
			);
			name = Products;
			sourceTree = "<group>";
		};
		9F726194238B02EF00C7C761 /* NetworkingSwiftUI */ = {
			isa = PBXGroup;
			children = (
				9F726195238B02EF00C7C761 /* AppDelegate.swift */,
				9F726197238B02EF00C7C761 /* SceneDelegate.swift */,
				9F726199238B02EF00C7C761 /* ContentView.swift */,
				9F72619B238B02F000C7C761 /* Assets.xcassets */,
				9F7261A0238B02F000C7C761 /* LaunchScreen.storyboard */,
				9F7261A3238B02F000C7C761 /* Info.plist */,
				9F72619D238B02F000C7C761 /* Preview Content */,
			);
			path = NetworkingSwiftUI;
			sourceTree = "<group>";
		};
		9F72619D238B02F000C7C761 /* Preview Content */ = {
			isa = PBXGroup;
			children = (
				9F72619E238B02F000C7C761 /* Preview Assets.xcassets */,
			);
			path = "Preview Content";
			sourceTree = "<group>";
		};
/* End PBXGroup section */

/* Begin PBXNativeTarget section */
		9F726191238B02EF00C7C761 /* NetworkingSwiftUI */ = {
			isa = PBXNativeTarget;
			buildConfigurationList = 9F7261A6238B02F000C7C761 /* Build configuration list for PBXNativeTarget "NetworkingSwiftUI" */;
			buildPhases = (
				9F72618E238B02EF00C7C761 /* Sources */,
				9F72618F238B02EF00C7C761 /* Frameworks */,
				9F726190238B02EF00C7C761 /* Resources */,
			);
			buildRules = (
			);
			dependencies = (
			);
			name = NetworkingSwiftUI;
			productName = NetworkingSwiftUI;
			productReference = 9F726192238B02EF00C7C761 /* NetworkingSwiftUI.app */;
			productType = "com.apple.product-type.application";
		};
/* End PBXNativeTarget section */

/* Begin PBXProject section */
		9F72618A238B02EF00C7C761 /* Project object */ = {
			isa = PBXProject;
			attributes = {
				LastSwiftUpdateCheck = 1120;
				LastUpgradeCheck = 1120;
				ORGANIZATIONNAME = Connections.Digital;
				TargetAttributes = {
					9F726191238B02EF00C7C761 = {
						CreatedOnToolsVersion = 11.2.1;
					};
				};
			};
			buildConfigurationList = 9F72618D238B02EF00C7C761 /* Build configuration list for PBXProject "NetworkingSwiftUI" */;
			compatibilityVersion = "Xcode 9.3";
			developmentRegion = en;
			hasScannedForEncodings = 0;
			knownRegions = (
				en,
				Base,
			);
			mainGroup = 9F726189238B02EF00C7C761;
			productRefGroup = 9F726193238B02EF00C7C761 /* Products */;
			projectDirPath = "";
			projectRoot = "";
			targets = (
				9F726191238B02EF00C7C761 /* NetworkingSwiftUI */,
			);
		};
/* End PBXProject section */

/* Begin PBXResourcesBuildPhase section */
		9F726190238B02EF00C7C761 /* Resources */ = {
			isa = PBXResourcesBuildPhase;
			buildActionMask = 2147483647;
			files = (
				9F7261A2238B02F000C7C761 /* LaunchScreen.storyboard in Resources */,
				9F72619F238B02F000C7C761 /* Preview Assets.xcassets in Resources */,
				9F72619C238B02F000C7C761 /* Assets.xcassets in Resources */,
			);
			runOnlyForDeploymentPostprocessing = 0;
		};
/* End PBXResourcesBuildPhase section */

/* Begin PBXSourcesBuildPhase section */
		9F72618E238B02EF00C7C761 /* Sources */ = {
			isa = PBXSourcesBuildPhase;
			buildActionMask = 2147483647;
			files = (
				9F726196238B02EF00C7C761 /* AppDelegate.swift in Sources */,
				9F726198238B02EF00C7C761 /* SceneDelegate.swift in Sources */,
				9F72619A238B02EF00C7C761 /* ContentView.swift in Sources */,
			);
			runOnlyForDeploymentPostprocessing = 0;
		};
/* End PBXSourcesBuildPhase section */

/* Begin PBXVariantGroup section */
		9F7261A0238B02F000C7C761 /* LaunchScreen.storyboard */ = {
			isa = PBXVariantGroup;
			children = (
				9F7261A1238B02F000C7C761 /* Base */,
			);
			name = LaunchScreen.storyboard;
			sourceTree = "<group>";
		};
/* End PBXVariantGroup section */

/* Begin XCBuildConfiguration section */
		9F7261A4238B02F000C7C761 /* Debug */ = {
			isa = XCBuildConfiguration;
			buildSettings = {
				ALWAYS_SEARCH_USER_PATHS = NO;
				CLANG_ANALYZER_NONNULL = YES;
				CLANG_ANALYZER_NUMBER_OBJECT_CONVERSION = YES_AGGRESSIVE;
				CLANG_CXX_LANGUAGE_STANDARD = "gnu++14";
				CLANG_CXX_LIBRARY = "libc++";
				CLANG_ENABLE_MODULES = YES;
				CLANG_ENABLE_OBJC_ARC = YES;
				CLANG_ENABLE_OBJC_WEAK = YES;
				CLANG_WARN_BLOCK_CAPTURE_AUTORELEASING = YES;
				CLANG_WARN_BOOL_CONVERSION = YES;
				CLANG_WARN_COMMA = YES;
				CLANG_WARN_CONSTANT_CONVERSION = YES;
				CLANG_WARN_DEPRECATED_OBJC_IMPLEMENTATIONS = YES;
				CLANG_WARN_DIRECT_OBJC_ISA_USAGE = YES_ERROR;
				CLANG_WARN_DOCUMENTATION_COMMENTS = YES;
				CLANG_WARN_EMPTY_BODY = YES;
				CLANG_WARN_ENUM_CONVERSION = YES;
				CLANG_WARN_INFINITE_RECURSION = YES;
				CLANG_WARN_INT_CONVERSION = YES;
				CLANG_WARN_NON_LITERAL_NULL_CONVERSION = YES;
				CLANG_WARN_OBJC_IMPLICIT_RETAIN_SELF = YES;
				CLANG_WARN_OBJC_LITERAL_CONVERSION = YES;
				CLANG_WARN_OBJC_ROOT_CLASS = YES_ERROR;
				CLANG_WARN_RANGE_LOOP_ANALYSIS = YES;
				CLANG_WARN_STRICT_PROTOTYPES = YES;
				CLANG_WARN_SUSPICIOUS_MOVE = YES;
				CLANG_WARN_UNGUARDED_AVAILABILITY = YES_AGGRESSIVE;
				CLANG_WARN_UNREACHABLE_CODE = YES;
				CLANG_WARN__DUPLICATE_METHOD_MATCH = YES;
				COPY_PHASE_STRIP = NO;
				DEBUG_INFORMATION_FORMAT = dwarf;
				ENABLE_STRICT_OBJC_MSGSEND = YES;
				ENABLE_TESTABILITY = YES;
				GCC_C_LANGUAGE_STANDARD = gnu11;
				GCC_DYNAMIC_NO_PIC = NO;
				GCC_NO_COMMON_BLOCKS = YES;
				GCC_OPTIMIZATION_LEVEL = 0;
				GCC_PREPROCESSOR_DEFINITIONS = (
					"DEBUG=1",
					"$(inherited)",
				);
				GCC_WARN_64_TO_32_BIT_CONVERSION = YES;
				GCC_WARN_ABOUT_RETURN_TYPE = YES_ERROR;
				GCC_WARN_UNDECLARED_SELECTOR = YES;
				GCC_WARN_UNINITIALIZED_AUTOS = YES_AGGRESSIVE;
				GCC_WARN_UNUSED_FUNCTION = YES;
				GCC_WARN_UNUSED_VARIABLE = YES;
				IPHONEOS_DEPLOYMENT_TARGET = 13.2;
				MTL_ENABLE_DEBUG_INFO = INCLUDE_SOURCE;
				MTL_FAST_MATH = YES;
				ONLY_ACTIVE_ARCH = YES;
				SDKROOT = iphoneos;
				SWIFT_ACTIVE_COMPILATION_CONDITIONS = DEBUG;
				SWIFT_OPTIMIZATION_LEVEL = "-Onone";
			};
			name = Debug;
		};
		9F7261A5238B02F000C7C761 /* Release */ = {
			isa = XCBuildConfiguration;
			buildSettings = {
				ALWAYS_SEARCH_USER_PATHS = NO;
				CLANG_ANALYZER_NONNULL = YES;
				CLANG_ANALYZER_NUMBER_OBJECT_CONVERSION = YES_AGGRESSIVE;
				CLANG_CXX_LANGUAGE_STANDARD = "gnu++14";
				CLANG_CXX_LIBRARY = "libc++";
				CLANG_ENABLE_MODULES = YES;
				CLANG_ENABLE_OBJC_ARC = YES;
				CLANG_ENABLE_OBJC_WEAK = YES;
				CLANG_WARN_BLOCK_CAPTURE_AUTORELEASING = YES;
				CLANG_WARN_BOOL_CONVERSION = YES;
				CLANG_WARN_COMMA = YES;
				CLANG_WARN_CONSTANT_CONVERSION = YES;
				CLANG_WARN_DEPRECATED_OBJC_IMPLEMENTATIONS = YES;
				CLANG_WARN_DIRECT_OBJC_ISA_USAGE = YES_ERROR;
				CLANG_WARN_DOCUMENTATION_COMMENTS = YES;
				CLANG_WARN_EMPTY_BODY = YES;
				CLANG_WARN_ENUM_CONVERSION = YES;
				CLANG_WARN_INFINITE_RECURSION = YES;
				CLANG_WARN_INT_CONVERSION = YES;
				CLANG_WARN_NON_LITERAL_NULL_CONVERSION = YES;
				CLANG_WARN_OBJC_IMPLICIT_RETAIN_SELF = YES;
				CLANG_WARN_OBJC_LITERAL_CONVERSION = YES;
				CLANG_WARN_OBJC_ROOT_CLASS = YES_ERROR;
				CLANG_WARN_RANGE_LOOP_ANALYSIS = YES;
				CLANG_WARN_STRICT_PROTOTYPES = YES;
				CLANG_WARN_SUSPICIOUS_MOVE = YES;
				CLANG_WARN_UNGUARDED_AVAILABILITY = YES_AGGRESSIVE;
				CLANG_WARN_UNREACHABLE_CODE = YES;
				CLANG_WARN__DUPLICATE_METHOD_MATCH = YES;
				COPY_PHASE_STRIP = NO;
				DEBUG_INFORMATION_FORMAT = "dwarf-with-dsym";
				ENABLE_NS_ASSERTIONS = NO;
				ENABLE_STRICT_OBJC_MSGSEND = YES;
				GCC_C_LANGUAGE_STANDARD = gnu11;
				GCC_NO_COMMON_BLOCKS = YES;
				GCC_WARN_64_TO_32_BIT_CONVERSION = YES;
				GCC_WARN_ABOUT_RETURN_TYPE = YES_ERROR;
				GCC_WARN_UNDECLARED_SELECTOR = YES;
				GCC_WARN_UNINITIALIZED_AUTOS = YES_AGGRESSIVE;
				GCC_WARN_UNUSED_FUNCTION = YES;
				GCC_WARN_UNUSED_VARIABLE = YES;
				IPHONEOS_DEPLOYMENT_TARGET = 13.2;
				MTL_ENABLE_DEBUG_INFO = NO;
				MTL_FAST_MATH = YES;
				SDKROOT = iphoneos;
				SWIFT_COMPILATION_MODE = wholemodule;
				SWIFT_OPTIMIZATION_LEVEL = "-O";
				VALIDATE_PRODUCT = YES;
			};
			name = Release;
		};
		9F7261A7238B02F000C7C761 /* Debug */ = {
			isa = XCBuildConfiguration;
			buildSettings = {
				ASSETCATALOG_COMPILER_APPICON_NAME = AppIcon;
				CODE_SIGN_STYLE = Automatic;
				DEVELOPMENT_ASSET_PATHS = "\"NetworkingSwiftUI/Preview Content\"";
				DEVELOPMENT_TEAM = HFJSN27L62;
				ENABLE_PREVIEWS = YES;
				INFOPLIST_FILE = NetworkingSwiftUI/Info.plist;
				LD_RUNPATH_SEARCH_PATHS = (
					"$(inherited)",
					"@executable_path/Frameworks",
				);
				PRODUCT_BUNDLE_IDENTIFIER = digital.connections.NetworkingSwiftUI;
				PRODUCT_NAME = "$(TARGET_NAME)";
				SWIFT_VERSION = 5.0;
				TARGETED_DEVICE_FAMILY = "1,2";
			};
			name = Debug;
		};
		9F7261A8238B02F000C7C761 /* Release */ = {
			isa = XCBuildConfiguration;
			buildSettings = {
				ASSETCATALOG_COMPILER_APPICON_NAME = AppIcon;
				CODE_SIGN_STYLE = Automatic;
				DEVELOPMENT_ASSET_PATHS = "\"NetworkingSwiftUI/Preview Content\"";
				DEVELOPMENT_TEAM = HFJSN27L62;
				ENABLE_PREVIEWS = YES;
				INFOPLIST_FILE = NetworkingSwiftUI/Info.plist;
				LD_RUNPATH_SEARCH_PATHS = (
					"$(inherited)",
					"@executable_path/Frameworks",
				);
				PRODUCT_BUNDLE_IDENTIFIER = digital.connections.NetworkingSwiftUI;
				PRODUCT_NAME = "$(TARGET_NAME)";
				SWIFT_VERSION = 5.0;
				TARGETED_DEVICE_FAMILY = "1,2";
			};
			name = Release;
		};
/* End XCBuildConfiguration section */

/* Begin XCConfigurationList section */
		9F72618D238B02EF00C7C761 /* Build configuration list for PBXProject "NetworkingSwiftUI" */ = {
			isa = XCConfigurationList;
			buildConfigurations = (
				9F7261A4238B02F000C7C761 /* Debug */,
				9F7261A5238B02F000C7C761 /* Release */,
			);
			defaultConfigurationIsVisible = 0;
			defaultConfigurationName = Release;
		};
		9F7261A6238B02F000C7C761 /* Build configuration list for PBXNativeTarget "NetworkingSwiftUI" */ = {
			isa = XCConfigurationList;
			buildConfigurations = (
				9F7261A7238B02F000C7C761 /* Debug */,
				9F7261A8238B02F000C7C761 /* Release */,
			);
			defaultConfigurationIsVisible = 0;
			defaultConfigurationName = Release;
		};
/* End XCConfigurationList section */
	};
	rootObject = 9F72618A238B02EF00C7C761 /* Project object */;
}
